
Microsoft Visual Studio Solution File, Format Version 12.00
# Visual Studio 2012
Project("{FAE04EC0-301F-11D3-BF4B-00C04F79EFBC}") = "TtsSetup", "TtsSetup\TtsSetup.csproj", "{BCA525CC-3C82-4E96-BC4C-BC963B2506B1}"
EndProject
Project("{2150E333-8FDC-42A3-9474-1A3956D46DE8}") = "Solution Items", "Solution Items", "{C2083A5F-D69D-4ABF-8050-8A65D44C36B5}"
	ProjectSection(SolutionItems) = preProject
		README.txt = README.txt
	EndProjectSection
EndProject
Global
	GlobalSection(SolutionConfigurationPlatforms) = preSolution
		Debug|Any CPU = Debug|Any CPU
		Release|Any CPU = Release|Any CPU
	EndGlobalSection
	GlobalSection(ProjectConfigurationPlatforms) = postSolution
		{BCA525CC-3C82-4E96-BC4C-BC963B2506B1}.Debug|Any CPU.ActiveCfg = Debug|Any CPU
		{BCA525CC-3C82-4E96-BC4C-BC963B2506B1}.Debug|Any CPU.Build.0 = Debug|Any CPU
		{BCA525CC-3C82-4E96-BC4C-BC963B2506B1}.Debug|Any CPU.Deploy.0 = Debug|Any CPU
		{BCA525CC-3C82-4E96-BC4C-BC963B2506B1}.Release|Any CPU.ActiveCfg = Release|Any CPU
		{BCA525CC-3C82-4E96-BC4C-BC963B2506B1}.Release|Any CPU.Build.0 = Release|Any CPU
		{BCA525CC-3C82-4E96-BC4C-BC963B2506B1}.Release|Any CPU.Deploy.0 = Release|Any CPU
	EndGlobalSection
	GlobalSection(SolutionProperties) = preSolution
		HideSolutionNode = FALSE
	EndGlobalSection
EndGlobal
